
Microsoft Visual Studio Solution File, Format Version 12.00
# Visual Studio Version 17
VisualStudioVersion = 17.8.34511.84
MinimumVisualStudioVersion = 10.0.40219.1
Project("{9A19103F-16F7-4668-BE54-9A1E7A4F7556}") = "QuitQ_Ecom", "QuitQ_Ecom.csproj", "{A1F435C1-FDEE-411C-8385-D7948AA037DD}"
EndProject
Project("{FAE04EC0-301F-11D3-BF4B-00C04F79EFBC}") = "QuitQ_Ecom_Test", "..\QuitQ_Ecom_Test\QuitQ_Ecom_Test.csproj", "{4A9B657C-D27D-419C-A88F-C3370C155953}"
EndProject
Global
	GlobalSection(SolutionConfigurationPlatforms) = preSolution
		Debug|Any CPU = Debug|Any CPU
		Release|Any CPU = Release|Any CPU
	EndGlobalSection
	GlobalSection(ProjectConfigurationPlatforms) = postSolution
		{A1F435C1-FDEE-411C-8385-D7948AA037DD}.Debug|Any CPU.ActiveCfg = Debug|Any CPU
		{A1F435C1-FDEE-411C-8385-D7948AA037DD}.Debug|Any CPU.Build.0 = Debug|Any CPU
		{A1F435C1-FDEE-411C-8385-D7948AA037DD}.Release|Any CPU.ActiveCfg = Release|Any CPU
		{A1F435C1-FDEE-411C-8385-D7948AA037DD}.Release|Any CPU.Build.0 = Release|Any CPU
		{4A9B657C-D27D-419C-A88F-C3370C155953}.Debug|Any CPU.ActiveCfg = Debug|Any CPU
		{4A9B657C-D27D-419C-A88F-C3370C155953}.Debug|Any CPU.Build.0 = Debug|Any CPU
		{4A9B657C-D27D-419C-A88F-C3370C155953}.Release|Any CPU.ActiveCfg = Release|Any CPU
		{4A9B657C-D27D-419C-A88F-C3370C155953}.Release|Any CPU.Build.0 = Release|Any CPU
	EndGlobalSection
	GlobalSection(SolutionProperties) = preSolution
		HideSolutionNode = FALSE
	EndGlobalSection
	GlobalSection(ExtensibilityGlobals) = postSolution
		SolutionGuid = {2B90F6BB-0D21-4113-8FF8-77870542B8A9}
	EndGlobalSection
EndGlobal
